// !$*UTF8*$!
{
	archiveVersion = 1;
	classes = {
	};
	objectVersion = 46;
	objects = {

/* Begin PBXBuildFile section */
		96B654F01E93FB1200E72267 /* English.txt in Resources */ = {isa = PBXBuildFile; fileRef = 96B654ED1E93FB1200E72267 /* English.txt */; };
		96B654F11E93FB1200E72267 /* Howtosay.txt in Resources */ = {isa = PBXBuildFile; fileRef = 96B654EE1E93FB1200E72267 /* Howtosay.txt */; };
		96B654F21E93FB1200E72267 /* Karen.txt in Resources */ = {isa = PBXBuildFile; fileRef = 96B654EF1E93FB1200E72267 /* Karen.txt */; };
		96B654F41E946D6600E72267 /* knu.TTF in Resources */ = {isa = PBXBuildFile; fileRef = 96B654F31E946D6600E72267 /* knu.TTF */; };
		96DA54A61E8E0A290050739D /* AppDelegate.swift in Sources */ = {isa = PBXBuildFile; fileRef = 96DA54A51E8E0A290050739D /* AppDelegate.swift */; };
		96DA54A81E8E0A290050739D /* ViewController.swift in Sources */ = {isa = PBXBuildFile; fileRef = 96DA54A71E8E0A290050739D /* ViewController.swift */; };
		96DA54AB1E8E0A290050739D /* Main.storyboard in Resources */ = {isa = PBXBuildFile; fileRef = 96DA54A91E8E0A290050739D /* Main.storyboard */; };
		96DA54AD1E8E0A290050739D /* Assets.xcassets in Resources */ = {isa = PBXBuildFile; fileRef = 96DA54AC1E8E0A290050739D /* Assets.xcassets */; };
		96DA54B01E8E0A290050739D /* LaunchScreen.storyboard in Resources */ = {isa = PBXBuildFile; fileRef = 96DA54AE1E8E0A290050739D /* LaunchScreen.storyboard */; };
		96DA54CF1E92D3880050739D /* DetailViewController.swift in Sources */ = {isa = PBXBuildFile; fileRef = 96DA54CE1E92D3880050739D /* DetailViewController.swift */; };
/* End PBXBuildFile section */

/* Begin PBXFileReference section */
		96B654ED1E93FB1200E72267 /* English.txt */ = {isa = PBXFileReference; fileEncoding = 4; lastKnownFileType = text; path = English.txt; sourceTree = "<group>"; };
		96B654EE1E93FB1200E72267 /* Howtosay.txt */ = {isa = PBXFileReference; fileEncoding = 4; lastKnownFileType = text; path = Howtosay.txt; sourceTree = "<group>"; };
		96B654EF1E93FB1200E72267 /* Karen.txt */ = {isa = PBXFileReference; fileEncoding = 4; lastKnownFileType = text; path = Karen.txt; sourceTree = "<group>"; };
		96B654F31E946D6600E72267 /* knu.TTF */ = {isa = PBXFileReference; lastKnownFileType = file; path = knu.TTF; sourceTree = "<group>"; };
		96DA54A21E8E0A290050739D /* Dictionary App.app */ = {isa = PBXFileReference; explicitFileType = wrapper.application; includeInIndex = 0; path = "Dictionary App.app"; sourceTree = BUILT_PRODUCTS_DIR; };
		96DA54A51E8E0A290050739D /* AppDelegate.swift */ = {isa = PBXFileReference; lastKnownFileType = sourcecode.swift; path = AppDelegate.swift; sourceTree = "<group>"; };
		96DA54A71E8E0A290050739D /* ViewController.swift */ = {isa = PBXFileReference; lastKnownFileType = sourcecode.swift; path = ViewController.swift; sourceTree = "<group>"; };
		96DA54AA1E8E0A290050739D /* Base */ = {isa = PBXFileReference; lastKnownFileType = file.storyboard; name = Base; path = Base.lproj/Main.storyboard; sourceTree = "<group>"; };
		96DA54AC1E8E0A290050739D /* Assets.xcassets */ = {isa = PBXFileReference; lastKnownFileType = folder.assetcatalog; path = Assets.xcassets; sourceTree = "<group>"; };
		96DA54AF1E8E0A290050739D /* Base */ = {isa = PBXFileReference; lastKnownFileType = file.storyboard; name = Base; path = Base.lproj/LaunchScreen.storyboard; sourceTree = "<group>"; };
		96DA54B11E8E0A290050739D /* Info.plist */ = {isa = PBXFileReference; lastKnownFileType = text.plist.xml; path = Info.plist; sourceTree = "<group>"; };
		96DA54CE1E92D3880050739D /* DetailViewController.swift */ = {isa = PBXFileReference; fileEncoding = 4; lastKnownFileType = sourcecode.swift; name = DetailViewController.swift; path = ../DetailViewController.swift; sourceTree = "<group>"; };
/* End PBXFileReference section */

/* Begin PBXFrameworksBuildPhase section */
		96DA549F1E8E0A290050739D /* Frameworks */ = {
			isa = PBXFrameworksBuildPhase;
			buildActionMask = 2147483647;
			files = (
			);
			runOnlyForDeploymentPostprocessing = 0;
		};
/* End PBXFrameworksBuildPhase section */

/* Begin PBXGroup section */
		96DA54991E8E0A290050739D = {
			isa = PBXGroup;
			children = (
				96DA54A41E8E0A290050739D /* Dictionary App */,
				96DA54A31E8E0A290050739D /* Products */,
			);
			sourceTree = "<group>";
		};
		96DA54A31E8E0A290050739D /* Products */ = {
			isa = PBXGroup;
			children = (
				96DA54A21E8E0A290050739D /* Dictionary App.app */,
			);
			name = Products;
			sourceTree = "<group>";
		};
		96DA54A41E8E0A290050739D /* Dictionary App */ = {
			isa = PBXGroup;
			children = (
				96B654F31E946D6600E72267 /* knu.TTF */,
				96B654ED1E93FB1200E72267 /* English.txt */,
				96B654EE1E93FB1200E72267 /* Howtosay.txt */,
				96B654EF1E93FB1200E72267 /* Karen.txt */,
				96DA54A51E8E0A290050739D /* AppDelegate.swift */,
				96DA54A71E8E0A290050739D /* ViewController.swift */,
				96DA54CE1E92D3880050739D /* DetailViewController.swift */,
				96DA54A91E8E0A290050739D /* Main.storyboard */,
				96DA54AC1E8E0A290050739D /* Assets.xcassets */,
				96DA54AE1E8E0A290050739D /* LaunchScreen.storyboard */,
				96DA54B11E8E0A290050739D /* Info.plist */,
			);
			path = "Dictionary App";
			sourceTree = "<group>";
		};
/* End PBXGroup section */

/* Begin PBXNativeTarget section */
		96DA54A11E8E0A290050739D /* Dictionary App */ = {
			isa = PBXNativeTarget;
			buildConfigurationList = 96DA54B41E8E0A290050739D /* Build configuration list for PBXNativeTarget "Dictionary App" */;
			buildPhases = (
				96DA549E1E8E0A290050739D /* Sources */,
				96DA549F1E8E0A290050739D /* Frameworks */,
				96DA54A01E8E0A290050739D /* Resources */,
			);
			buildRules = (
			);
			dependencies = (
			);
			name = "Dictionary App";
			productName = "Dictionary App";
			productReference = 96DA54A21E8E0A290050739D /* Dictionary App.app */;
			productType = "com.apple.product-type.application";
		};
/* End PBXNativeTarget section */

/* Begin PBXProject section */
		96DA549A1E8E0A290050739D /* Project object */ = {
			isa = PBXProject;
			attributes = {
				LastSwiftUpdateCheck = 0820;
				LastUpgradeCheck = 0820;
				ORGANIZATIONNAME = "Chit Moe";
				TargetAttributes = {
					96DA54A11E8E0A290050739D = {
						CreatedOnToolsVersion = 8.2.1;
						ProvisioningStyle = Automatic;
					};
				};
			};
			buildConfigurationList = 96DA549D1E8E0A290050739D /* Build configuration list for PBXProject "Dictionary App" */;
			compatibilityVersion = "Xcode 3.2";
			developmentRegion = English;
			hasScannedForEncodings = 0;
			knownRegions = (
				en,
				Base,
			);
			mainGroup = 96DA54991E8E0A290050739D;
			productRefGroup = 96DA54A31E8E0A290050739D /* Products */;
			projectDirPath = "";
			projectRoot = "";
			targets = (
				96DA54A11E8E0A290050739D /* Dictionary App */,
			);
		};
/* End PBXProject section */

/* Begin PBXResourcesBuildPhase section */
		96DA54A01E8E0A290050739D /* Resources */ = {
			isa = PBXResourcesBuildPhase;
			buildActionMask = 2147483647;
			files = (
				96B654F11E93FB1200E72267 /* Howtosay.txt in Resources */,
				96DA54B01E8E0A290050739D /* LaunchScreen.storyboard in Resources */,
				96B654F21E93FB1200E72267 /* Karen.txt in Resources */,
				96DA54AD1E8E0A290050739D /* Assets.xcassets in Resources */,
				96DA54AB1E8E0A290050739D /* Main.storyboard in Resources */,
				96B654F01E93FB1200E72267 /* English.txt in Resources */,
				96B654F41E946D6600E72267 /* knu.TTF in Resources */,
			);
			runOnlyForDeploymentPostprocessing = 0;
		};
/* End PBXResourcesBuildPhase section */

/* Begin PBXSourcesBuildPhase section */
		96DA549E1E8E0A290050739D /* Sources */ = {
			isa = PBXSourcesBuildPhase;
			buildActionMask = 2147483647;
			files = (
				96DA54CF1E92D3880050739D /* DetailViewController.swift in Sources */,
				96DA54A81E8E0A290050739D /* ViewController.swift in Sources */,
				96DA54A61E8E0A290050739D /* AppDelegate.swift in Sources */,
			);
			runOnlyForDeploymentPostprocessing = 0;
		};
/* End PBXSourcesBuildPhase section */

/* Begin PBXVariantGroup section */
		96DA54A91E8E0A290050739D /* Main.storyboard */ = {
			isa = PBXVariantGroup;
			children = (
				96DA54AA1E8E0A290050739D /* Base */,
			);
			name = Main.storyboard;
			sourceTree = "<group>";
		};
		96DA54AE1E8E0A290050739D /* LaunchScreen.storyboard */ = {
			isa = PBXVariantGroup;
			children = (
				96DA54AF1E8E0A290050739D /* Base */,
			);
			name = LaunchScreen.storyboard;
			sourceTree = "<group>";
		};
/* End PBXVariantGroup section */

/* Begin XCBuildConfiguration section */
		96DA54B21E8E0A290050739D /* Debug */ = {
			isa = XCBuildConfiguration;
			buildSettings = {
				ALWAYS_SEARCH_USER_PATHS = NO;
				CLANG_ANALYZER_NONNULL = YES;
				CLANG_CXX_LANGUAGE_STANDARD = "gnu++0x";
				CLANG_CXX_LIBRARY = "libc++";
				CLANG_ENABLE_MODULES = YES;
				CLANG_ENABLE_OBJC_ARC = YES;
				CLANG_WARN_BOOL_CONVERSION = YES;
				CLANG_WARN_CONSTANT_CONVERSION = YES;
				CLANG_WARN_DIRECT_OBJC_ISA_USAGE = YES_ERROR;
				CLANG_WARN_DOCUMENTATION_COMMENTS = YES;
				CLANG_WARN_EMPTY_BODY = YES;
				CLANG_WARN_ENUM_CONVERSION = YES;
				CLANG_WARN_INFINITE_RECURSION = YES;
				CLANG_WARN_INT_CONVERSION = YES;
				CLANG_WARN_OBJC_ROOT_CLASS = YES_ERROR;
				CLANG_WARN_SUSPICIOUS_MOVE = YES;
				CLANG_WARN_UNREACHABLE_CODE = YES;
				CLANG_WARN__DUPLICATE_METHOD_MATCH = YES;
				"CODE_SIGN_IDENTITY[sdk=iphoneos*]" = "iPhone Developer";
				COPY_PHASE_STRIP = NO;
				DEBUG_INFORMATION_FORMAT = dwarf;
				ENABLE_STRICT_OBJC_MSGSEND = YES;
				ENABLE_TESTABILITY = YES;
				GCC_C_LANGUAGE_STANDARD = gnu99;
				GCC_DYNAMIC_NO_PIC = NO;
				GCC_NO_COMMON_BLOCKS = YES;
				GCC_OPTIMIZATION_LEVEL = 0;
				GCC_PREPROCESSOR_DEFINITIONS = (
					"DEBUG=1",
					"$(inherited)",
				);
				GCC_WARN_64_TO_32_BIT_CONVERSION = YES;
				GCC_WARN_ABOUT_RETURN_TYPE = YES_ERROR;
				GCC_WARN_UNDECLARED_SELECTOR = YES;
				GCC_WARN_UNINITIALIZED_AUTOS = YES_AGGRESSIVE;
				GCC_WARN_UNUSED_FUNCTION = YES;
				GCC_WARN_UNUSED_VARIABLE = YES;
				IPHONEOS_DEPLOYMENT_TARGET = 10.2;
				MTL_ENABLE_DEBUG_INFO = YES;
				ONLY_ACTIVE_ARCH = YES;
				SDKROOT = iphoneos;
				SWIFT_ACTIVE_COMPILATION_CONDITIONS = DEBUG;
				SWIFT_OPTIMIZATION_LEVEL = "-Onone";
				TARGETED_DEVICE_FAMILY = "1,2";
			};
			name = Debug;
		};
		96DA54B31E8E0A290050739D /* Release */ = {
			isa = XCBuildConfiguration;
			buildSettings = {
				ALWAYS_SEARCH_USER_PATHS = NO;
				CLANG_ANALYZER_NONNULL = YES;
				CLANG_CXX_LANGUAGE_STANDARD = "gnu++0x";
				CLANG_CXX_LIBRARY = "libc++";
				CLANG_ENABLE_MODULES = YES;
				CLANG_ENABLE_OBJC_ARC = YES;
				CLANG_WARN_BOOL_CONVERSION = YES;
				CLANG_WARN_CONSTANT_CONVERSION = YES;
				CLANG_WARN_DIRECT_OBJC_ISA_USAGE = YES_ERROR;
				CLANG_WARN_DOCUMENTATION_COMMENTS = YES;
				CLANG_WARN_EMPTY_BODY = YES;
				CLANG_WARN_ENUM_CONVERSION = YES;
				CLANG_WARN_INFINITE_RECURSION = YES;
				CLANG_WARN_INT_CONVERSION = YES;
				CLANG_WARN_OBJC_ROOT_CLASS = YES_ERROR;
				CLANG_WARN_SUSPICIOUS_MOVE = YES;
				CLANG_WARN_UNREACHABLE_CODE = YES;
				CLANG_WARN__DUPLICATE_METHOD_MATCH = YES;
				"CODE_SIGN_IDENTITY[sdk=iphoneos*]" = "iPhone Developer";
				COPY_PHASE_STRIP = NO;
				DEBUG_INFORMATION_FORMAT = "dwarf-with-dsym";
				ENABLE_NS_ASSERTIONS = NO;
				ENABLE_STRICT_OBJC_MSGSEND = YES;
				GCC_C_LANGUAGE_STANDARD = gnu99;
				GCC_NO_COMMON_BLOCKS = YES;
				GCC_WARN_64_TO_32_BIT_CONVERSION = YES;
				GCC_WARN_ABOUT_RETURN_TYPE = YES_ERROR;
				GCC_WARN_UNDECLARED_SELECTOR = YES;
				GCC_WARN_UNINITIALIZED_AUTOS = YES_AGGRESSIVE;
				GCC_WARN_UNUSED_FUNCTION = YES;
				GCC_WARN_UNUSED_VARIABLE = YES;
				IPHONEOS_DEPLOYMENT_TARGET = 10.2;
				MTL_ENABLE_DEBUG_INFO = NO;
				SDKROOT = iphoneos;
				SWIFT_OPTIMIZATION_LEVEL = "-Owholemodule";
				TARGETED_DEVICE_FAMILY = "1,2";
				VALIDATE_PRODUCT = YES;
			};
			name = Release;
		};
		96DA54B51E8E0A290050739D /* Debug */ = {
			isa = XCBuildConfiguration;
			buildSettings = {
				ASSETCATALOG_COMPILER_APPICON_NAME = AppIcon;
				INFOPLIST_FILE = "Dictionary App/Info.plist";
				LD_RUNPATH_SEARCH_PATHS = "$(inherited) @executable_path/Frameworks";
				PRODUCT_BUNDLE_IDENTIFIER = "CS-class.Dictionary-App";
				PRODUCT_NAME = "$(TARGET_NAME)";
				SWIFT_VERSION = 3.0;
			};
			name = Debug;
		};
		96DA54B61E8E0A290050739D /* Release */ = {
			isa = XCBuildConfiguration;
			buildSettings = {
				ASSETCATALOG_COMPILER_APPICON_NAME = AppIcon;
				INFOPLIST_FILE = "Dictionary App/Info.plist";
				LD_RUNPATH_SEARCH_PATHS = "$(inherited) @executable_path/Frameworks";
				PRODUCT_BUNDLE_IDENTIFIER = "CS-class.Dictionary-App";
				PRODUCT_NAME = "$(TARGET_NAME)";
				SWIFT_VERSION = 3.0;
			};
			name = Release;
		};
/* End XCBuildConfiguration section */

/* Begin XCConfigurationList section */
		96DA549D1E8E0A290050739D /* Build configuration list for PBXProject "Dictionary App" */ = {
			isa = XCConfigurationList;
			buildConfigurations = (
				96DA54B21E8E0A290050739D /* Debug */,
				96DA54B31E8E0A290050739D /* Release */,
			);
			defaultConfigurationIsVisible = 0;
			defaultConfigurationName = Release;
		};
		96DA54B41E8E0A290050739D /* Build configuration list for PBXNativeTarget "Dictionary App" */ = {
			isa = XCConfigurationList;
			buildConfigurations = (
				96DA54B51E8E0A290050739D /* Debug */,
				96DA54B61E8E0A290050739D /* Release */,
			);
			defaultConfigurationIsVisible = 0;
			defaultConfigurationName = Release;
		};
/* End XCConfigurationList section */
	};
	rootObject = 96DA549A1E8E0A290050739D /* Project object */;
}
